
Microsoft Visual Studio Solution File, Format Version 12.00
# Visual Studio Version 16
VisualStudioVersion = 16.0.32901.82
MinimumVisualStudioVersion = 10.0.40219.1
Project("{FAE04EC0-301F-11D3-BF4B-00C04F79EFBC}") = "hwtestForm", "hwtestForm.csproj", "{4CB2ED97-95C0-4C44-9DBC-A39C04FF2764}"
EndProject
Global
	GlobalSection(SolutionConfigurationPlatforms) = preSolution
		Debug|Any CPU = Debug|Any CPU
		Release|Any CPU = Release|Any CPU
	EndGlobalSection
	GlobalSection(ProjectConfigurationPlatforms) = postSolution
		{4CB2ED97-95C0-4C44-9DBC-A39C04FF2764}.Debug|Any CPU.ActiveCfg = Debug|Any CPU
		{4CB2ED97-95C0-4C44-9DBC-A39C04FF2764}.Debug|Any CPU.Build.0 = Debug|Any CPU
		{4CB2ED97-95C0-4C44-9DBC-A39C04FF2764}.Release|Any CPU.ActiveCfg = Release|Any CPU
		{4CB2ED97-95C0-4C44-9DBC-A39C04FF2764}.Release|Any CPU.Build.0 = Release|Any CPU
	EndGlobalSection
	GlobalSection(SolutionProperties) = preSolution
		HideSolutionNode = FALSE
	EndGlobalSection
	GlobalSection(ExtensibilityGlobals) = postSolution
		SolutionGuid = {0ABB036D-C431-40B4-AB9D-97D2F30AB1BE}
	EndGlobalSection
EndGlobal
